
Microsoft Visual Studio Solution File, Format Version 12.00
# Visual Studio 15
VisualStudioVersion = 15.0.28307.329
MinimumVisualStudioVersion = 10.0.40219.1
Project("{FAE04EC0-301F-11D3-BF4B-00C04F79EFBC}") = "AOP_Proxy", "AOP_Proxy\AOP_Proxy.csproj", "{9E316E6E-11A6-4F33-A395-3E44E749392F}"
EndProject
Global
	GlobalSection(SolutionConfigurationPlatforms) = preSolution
		Debug|Any CPU = Debug|Any CPU
		Release|Any CPU = Release|Any CPU
	EndGlobalSection
	GlobalSection(ProjectConfigurationPlatforms) = postSolution
		{9E316E6E-11A6-4F33-A395-3E44E749392F}.Debug|Any CPU.ActiveCfg = Debug|Any CPU
		{9E316E6E-11A6-4F33-A395-3E44E749392F}.Debug|Any CPU.Build.0 = Debug|Any CPU
		{9E316E6E-11A6-4F33-A395-3E44E749392F}.Release|Any CPU.ActiveCfg = Release|Any CPU
		{9E316E6E-11A6-4F33-A395-3E44E749392F}.Release|Any CPU.Build.0 = Release|Any CPU
	EndGlobalSection
	GlobalSection(SolutionProperties) = preSolution
		HideSolutionNode = FALSE
	EndGlobalSection
	GlobalSection(ExtensibilityGlobals) = postSolution
		SolutionGuid = {2C7FC575-E040-48CE-AFA4-88DB4C0C6D35}
	EndGlobalSection
EndGlobal
