
Microsoft Visual Studio Solution File, Format Version 12.00
# Visual Studio 15
VisualStudioVersion = 15.0.28307.329
MinimumVisualStudioVersion = 10.0.40219.1
Project("{FAE04EC0-301F-11D3-BF4B-00C04F79EFBC}") = "AOPDemo", "AOPDemo\AOPDemo.csproj", "{4CE3EB41-F721-4127-8337-76925813F262}"
EndProject
Global
	GlobalSection(SolutionConfigurationPlatforms) = preSolution
		Debug|Any CPU = Debug|Any CPU
		Release|Any CPU = Release|Any CPU
	EndGlobalSection
	GlobalSection(ProjectConfigurationPlatforms) = postSolution
		{4CE3EB41-F721-4127-8337-76925813F262}.Debug|Any CPU.ActiveCfg = Debug|Any CPU
		{4CE3EB41-F721-4127-8337-76925813F262}.Debug|Any CPU.Build.0 = Debug|Any CPU
		{4CE3EB41-F721-4127-8337-76925813F262}.Release|Any CPU.ActiveCfg = Release|Any CPU
		{4CE3EB41-F721-4127-8337-76925813F262}.Release|Any CPU.Build.0 = Release|Any CPU
	EndGlobalSection
	GlobalSection(SolutionProperties) = preSolution
		HideSolutionNode = FALSE
	EndGlobalSection
	GlobalSection(ExtensibilityGlobals) = postSolution
		SolutionGuid = {DC1F8CF1-DF1E-4615-AB69-CAAE4842BF09}
	EndGlobalSection
EndGlobal
